// !$*UTF8*$!
{
	archiveVersion = 1;
	classes = {
	};
	objectVersion = 56;
	objects = {

/* Begin PBXBuildFile section */
		6015A1B42B77234400E9D879 /* UIViewController+Utils.swift in Sources */ = {isa = PBXBuildFile; fileRef = 6015A1B32B77234400E9D879 /* UIViewController+Utils.swift */; };
		6015A1B82B7739A500E9D879 /* HistoryCoordinator.swift in Sources */ = {isa = PBXBuildFile; fileRef = 6015A1B72B7739A500E9D879 /* HistoryCoordinator.swift */; };
		6015A1BA2B7739B700E9D879 /* HistoryVC.swift in Sources */ = {isa = PBXBuildFile; fileRef = 6015A1B92B7739B700E9D879 /* HistoryVC.swift */; };
		606691332B6E27F6008F8080 /* AppDelegate.swift in Sources */ = {isa = PBXBuildFile; fileRef = 606691322B6E27F6008F8080 /* AppDelegate.swift */; };
		606691352B6E27F6008F8080 /* SceneDelegate.swift in Sources */ = {isa = PBXBuildFile; fileRef = 606691342B6E27F6008F8080 /* SceneDelegate.swift */; };
		606691372B6E27F6008F8080 /* SplitMethodVC.swift in Sources */ = {isa = PBXBuildFile; fileRef = 606691362B6E27F6008F8080 /* SplitMethodVC.swift */; };
		6066913C2B6E27F7008F8080 /* Assets.xcassets in Resources */ = {isa = PBXBuildFile; fileRef = 6066913B2B6E27F7008F8080 /* Assets.xcassets */; };
		6066913F2B6E27F7008F8080 /* LaunchScreen.storyboard in Resources */ = {isa = PBXBuildFile; fileRef = 6066913D2B6E27F7008F8080 /* LaunchScreen.storyboard */; };
		606691472B6E28BC008F8080 /* Coordinator.swift in Sources */ = {isa = PBXBuildFile; fileRef = 606691462B6E28BC008F8080 /* Coordinator.swift */; };
		606691492B6E28C2008F8080 /* AppCoordinator.swift in Sources */ = {isa = PBXBuildFile; fileRef = 606691482B6E28C2008F8080 /* AppCoordinator.swift */; };
		6066914C2B6E2DAD008F8080 /* CreateCoordinator.swift in Sources */ = {isa = PBXBuildFile; fileRef = 6066914B2B6E2DAD008F8080 /* CreateCoordinator.swift */; };
		6066914E2B6E3286008F8080 /* HomeVC.swift in Sources */ = {isa = PBXBuildFile; fileRef = 6066914D2B6E3286008F8080 /* HomeVC.swift */; };
		606691502B6E3C49008F8080 /* HomeCoordinator.swift in Sources */ = {isa = PBXBuildFile; fileRef = 6066914F2B6E3C49008F8080 /* HomeCoordinator.swift */; };
		608C03302B720A13002BE766 /* MyInfoVC.swift in Sources */ = {isa = PBXBuildFile; fileRef = 608C032F2B720A13002BE766 /* MyInfoVC.swift */; };
		608C03332B720B13002BE766 /* MyInfoCoordinator.swift in Sources */ = {isa = PBXBuildFile; fileRef = 608C03322B720B13002BE766 /* MyInfoCoordinator.swift */; };
		60A561212B74F7CA00E6EFC0 /* ShareCoordinator.swift in Sources */ = {isa = PBXBuildFile; fileRef = 60A561202B74F7CA00E6EFC0 /* ShareCoordinator.swift */; };
		60A86B1C2B7375DE00D3C58D /* CSInfoVC.swift in Sources */ = {isa = PBXBuildFile; fileRef = 60A86B1B2B7375DE00D3C58D /* CSInfoVC.swift */; };
		60A86B202B73766700D3C58D /* EqualCoordinator.swift in Sources */ = {isa = PBXBuildFile; fileRef = 60A86B1F2B73766700D3C58D /* EqualCoordinator.swift */; };
		60A86B222B73767500D3C58D /* SmartCoordinator.swift in Sources */ = {isa = PBXBuildFile; fileRef = 60A86B212B73767500D3C58D /* SmartCoordinator.swift */; };
		60A86B242B74907B00D3C58D /* CSMemberVC.swift in Sources */ = {isa = PBXBuildFile; fileRef = 60A86B232B74907B00D3C58D /* CSMemberVC.swift */; };
		60A86B262B74951700D3C58D /* CSItemVC.swift in Sources */ = {isa = PBXBuildFile; fileRef = 60A86B252B74951700D3C58D /* CSItemVC.swift */; };
		60A86B282B74955500D3C58D /* ShareVC.swift in Sources */ = {isa = PBXBuildFile; fileRef = 60A86B272B74955500D3C58D /* ShareVC.swift */; };
/* End PBXBuildFile section */

/* Begin PBXFileReference section */
		6015A1B32B77234400E9D879 /* UIViewController+Utils.swift */ = {isa = PBXFileReference; lastKnownFileType = sourcecode.swift; path = "UIViewController+Utils.swift"; sourceTree = "<group>"; };
		6015A1B72B7739A500E9D879 /* HistoryCoordinator.swift */ = {isa = PBXFileReference; lastKnownFileType = sourcecode.swift; path = HistoryCoordinator.swift; sourceTree = "<group>"; };
		6015A1B92B7739B700E9D879 /* HistoryVC.swift */ = {isa = PBXFileReference; lastKnownFileType = sourcecode.swift; path = HistoryVC.swift; sourceTree = "<group>"; };
		6066912F2B6E27F6008F8080 /* ExCoordinator.app */ = {isa = PBXFileReference; explicitFileType = wrapper.application; includeInIndex = 0; path = ExCoordinator.app; sourceTree = BUILT_PRODUCTS_DIR; };
		606691322B6E27F6008F8080 /* AppDelegate.swift */ = {isa = PBXFileReference; lastKnownFileType = sourcecode.swift; path = AppDelegate.swift; sourceTree = "<group>"; };
		606691342B6E27F6008F8080 /* SceneDelegate.swift */ = {isa = PBXFileReference; lastKnownFileType = sourcecode.swift; path = SceneDelegate.swift; sourceTree = "<group>"; };
		606691362B6E27F6008F8080 /* SplitMethodVC.swift */ = {isa = PBXFileReference; lastKnownFileType = sourcecode.swift; path = SplitMethodVC.swift; sourceTree = "<group>"; };
		6066913B2B6E27F7008F8080 /* Assets.xcassets */ = {isa = PBXFileReference; lastKnownFileType = folder.assetcatalog; path = Assets.xcassets; sourceTree = "<group>"; };
		6066913E2B6E27F7008F8080 /* Base */ = {isa = PBXFileReference; lastKnownFileType = file.storyboard; name = Base; path = Base.lproj/LaunchScreen.storyboard; sourceTree = "<group>"; };
		606691402B6E27F7008F8080 /* Info.plist */ = {isa = PBXFileReference; lastKnownFileType = text.plist.xml; path = Info.plist; sourceTree = "<group>"; };
		606691462B6E28BC008F8080 /* Coordinator.swift */ = {isa = PBXFileReference; lastKnownFileType = sourcecode.swift; path = Coordinator.swift; sourceTree = "<group>"; };
		606691482B6E28C2008F8080 /* AppCoordinator.swift */ = {isa = PBXFileReference; lastKnownFileType = sourcecode.swift; path = AppCoordinator.swift; sourceTree = "<group>"; };
		6066914B2B6E2DAD008F8080 /* CreateCoordinator.swift */ = {isa = PBXFileReference; lastKnownFileType = sourcecode.swift; path = CreateCoordinator.swift; sourceTree = "<group>"; };
		6066914D2B6E3286008F8080 /* HomeVC.swift */ = {isa = PBXFileReference; lastKnownFileType = sourcecode.swift; path = HomeVC.swift; sourceTree = "<group>"; };
		6066914F2B6E3C49008F8080 /* HomeCoordinator.swift */ = {isa = PBXFileReference; lastKnownFileType = sourcecode.swift; path = HomeCoordinator.swift; sourceTree = "<group>"; };
		608C032F2B720A13002BE766 /* MyInfoVC.swift */ = {isa = PBXFileReference; lastKnownFileType = sourcecode.swift; path = MyInfoVC.swift; sourceTree = "<group>"; };
		608C03322B720B13002BE766 /* MyInfoCoordinator.swift */ = {isa = PBXFileReference; lastKnownFileType = sourcecode.swift; path = MyInfoCoordinator.swift; sourceTree = "<group>"; };
		60A561202B74F7CA00E6EFC0 /* ShareCoordinator.swift */ = {isa = PBXFileReference; lastKnownFileType = sourcecode.swift; path = ShareCoordinator.swift; sourceTree = "<group>"; };
		60A86B1B2B7375DE00D3C58D /* CSInfoVC.swift */ = {isa = PBXFileReference; lastKnownFileType = sourcecode.swift; path = CSInfoVC.swift; sourceTree = "<group>"; };
		60A86B1F2B73766700D3C58D /* EqualCoordinator.swift */ = {isa = PBXFileReference; lastKnownFileType = sourcecode.swift; path = EqualCoordinator.swift; sourceTree = "<group>"; };
		60A86B212B73767500D3C58D /* SmartCoordinator.swift */ = {isa = PBXFileReference; lastKnownFileType = sourcecode.swift; path = SmartCoordinator.swift; sourceTree = "<group>"; };
		60A86B232B74907B00D3C58D /* CSMemberVC.swift */ = {isa = PBXFileReference; lastKnownFileType = sourcecode.swift; path = CSMemberVC.swift; sourceTree = "<group>"; };
		60A86B252B74951700D3C58D /* CSItemVC.swift */ = {isa = PBXFileReference; lastKnownFileType = sourcecode.swift; path = CSItemVC.swift; sourceTree = "<group>"; };
		60A86B272B74955500D3C58D /* ShareVC.swift */ = {isa = PBXFileReference; lastKnownFileType = sourcecode.swift; path = ShareVC.swift; sourceTree = "<group>"; };
/* End PBXFileReference section */

/* Begin PBXFrameworksBuildPhase section */
		6066912C2B6E27F6008F8080 /* Frameworks */ = {
			isa = PBXFrameworksBuildPhase;
			buildActionMask = 2147483647;
			files = (
			);
			runOnlyForDeploymentPostprocessing = 0;
		};
/* End PBXFrameworksBuildPhase section */

/* Begin PBXGroup section */
		6015A1B22B77232500E9D879 /* Utils */ = {
			isa = PBXGroup;
			children = (
				6015A1B32B77234400E9D879 /* UIViewController+Utils.swift */,
			);
			path = Utils;
			sourceTree = "<group>";
		};
		6015A1B52B77397C00E9D879 /* HistoryScene */ = {
			isa = PBXGroup;
			children = (
				6015A1B62B77399800E9D879 /* Coordinator */,
				6015A1B92B7739B700E9D879 /* HistoryVC.swift */,
			);
			path = HistoryScene;
			sourceTree = "<group>";
		};
		6015A1B62B77399800E9D879 /* Coordinator */ = {
			isa = PBXGroup;
			children = (
				6015A1B72B7739A500E9D879 /* HistoryCoordinator.swift */,
			);
			path = Coordinator;
			sourceTree = "<group>";
		};
		606691262B6E27F6008F8080 = {
			isa = PBXGroup;
			children = (
				606691312B6E27F6008F8080 /* ExCoordinator */,
				606691302B6E27F6008F8080 /* Products */,
			);
			sourceTree = "<group>";
		};
		606691302B6E27F6008F8080 /* Products */ = {
			isa = PBXGroup;
			children = (
				6066912F2B6E27F6008F8080 /* ExCoordinator.app */,
			);
			name = Products;
			sourceTree = "<group>";
		};
		606691312B6E27F6008F8080 /* ExCoordinator */ = {
			isa = PBXGroup;
			children = (
				606691322B6E27F6008F8080 /* AppDelegate.swift */,
				606691342B6E27F6008F8080 /* SceneDelegate.swift */,
				6015A1B22B77232500E9D879 /* Utils */,
				608C032A2B720007002BE766 /* Presenter */,
				6066913B2B6E27F7008F8080 /* Assets.xcassets */,
				6066913D2B6E27F7008F8080 /* LaunchScreen.storyboard */,
				606691402B6E27F7008F8080 /* Info.plist */,
			);
			path = ExCoordinator;
			sourceTree = "<group>";
		};
		6066914A2B6E2BE2008F8080 /* Coordinator */ = {
			isa = PBXGroup;
			children = (
				606691482B6E28C2008F8080 /* AppCoordinator.swift */,
			);
			path = Coordinator;
			sourceTree = "<group>";
		};
		608C032A2B720007002BE766 /* Presenter */ = {
			isa = PBXGroup;
			children = (
				608C03342B720C4B002BE766 /* Common */,
				608C032B2B72001D002BE766 /* HomeScene */,
				608C032E2B720041002BE766 /* CreateScene */,
				60A5611E2B74F7B600E6EFC0 /* ShareScene */,
				6015A1B52B77397C00E9D879 /* HistoryScene */,
				608C032D2B720035002BE766 /* MyInfoScene */,
			);
			path = Presenter;
			sourceTree = "<group>";
		};
		608C032B2B72001D002BE766 /* HomeScene */ = {
			isa = PBXGroup;
			children = (
				608C03362B7217E4002BE766 /* Coordinator */,
				6066914D2B6E3286008F8080 /* HomeVC.swift */,
			);
			path = HomeScene;
			sourceTree = "<group>";
		};
		608C032D2B720035002BE766 /* MyInfoScene */ = {
			isa = PBXGroup;
			children = (
				608C03312B720B0A002BE766 /* Coordinator */,
				608C032F2B720A13002BE766 /* MyInfoVC.swift */,
			);
			path = MyInfoScene;
			sourceTree = "<group>";
		};
		608C032E2B720041002BE766 /* CreateScene */ = {
			isa = PBXGroup;
			children = (
				608C03352B7217D4002BE766 /* Coordinator */,
				606691362B6E27F6008F8080 /* SplitMethodVC.swift */,
				60A86B1B2B7375DE00D3C58D /* CSInfoVC.swift */,
				60A86B232B74907B00D3C58D /* CSMemberVC.swift */,
				60A86B252B74951700D3C58D /* CSItemVC.swift */,
			);
			path = CreateScene;
			sourceTree = "<group>";
		};
		608C03312B720B0A002BE766 /* Coordinator */ = {
			isa = PBXGroup;
			children = (
				608C03322B720B13002BE766 /* MyInfoCoordinator.swift */,
			);
			path = Coordinator;
			sourceTree = "<group>";
		};
		608C03342B720C4B002BE766 /* Common */ = {
			isa = PBXGroup;
			children = (
				60A561222B75CAB500E6EFC0 /* Protocol */,
				6066914A2B6E2BE2008F8080 /* Coordinator */,
			);
			path = Common;
			sourceTree = "<group>";
		};
		608C03352B7217D4002BE766 /* Coordinator */ = {
			isa = PBXGroup;
			children = (
				6066914B2B6E2DAD008F8080 /* CreateCoordinator.swift */,
				60A86B1E2B73765500D3C58D /* EqualFlow */,
				60A86B1D2B73764600D3C58D /* SmartFlow */,
			);
			path = Coordinator;
			sourceTree = "<group>";
		};
		608C03362B7217E4002BE766 /* Coordinator */ = {
			isa = PBXGroup;
			children = (
				6066914F2B6E3C49008F8080 /* HomeCoordinator.swift */,
			);
			path = Coordinator;
			sourceTree = "<group>";
		};
		60A5611E2B74F7B600E6EFC0 /* ShareScene */ = {
			isa = PBXGroup;
			children = (
				60A5611F2B74F7C000E6EFC0 /* Coordinator */,
				60A86B272B74955500D3C58D /* ShareVC.swift */,
			);
			path = ShareScene;
			sourceTree = "<group>";
		};
		60A5611F2B74F7C000E6EFC0 /* Coordinator */ = {
			isa = PBXGroup;
			children = (
				60A561202B74F7CA00E6EFC0 /* ShareCoordinator.swift */,
			);
			path = Coordinator;
			sourceTree = "<group>";
		};
		60A561222B75CAB500E6EFC0 /* Protocol */ = {
			isa = PBXGroup;
			children = (
				606691462B6E28BC008F8080 /* Coordinator.swift */,
			);
			path = Protocol;
			sourceTree = "<group>";
		};
		60A86B1D2B73764600D3C58D /* SmartFlow */ = {
			isa = PBXGroup;
			children = (
				60A86B212B73767500D3C58D /* SmartCoordinator.swift */,
			);
			path = SmartFlow;
			sourceTree = "<group>";
		};
		60A86B1E2B73765500D3C58D /* EqualFlow */ = {
			isa = PBXGroup;
			children = (
				60A86B1F2B73766700D3C58D /* EqualCoordinator.swift */,
			);
			path = EqualFlow;
			sourceTree = "<group>";
		};
/* End PBXGroup section */

/* Begin PBXNativeTarget section */
		6066912E2B6E27F6008F8080 /* ExCoordinator */ = {
			isa = PBXNativeTarget;
			buildConfigurationList = 606691432B6E27F7008F8080 /* Build configuration list for PBXNativeTarget "ExCoordinator" */;
			buildPhases = (
				6066912B2B6E27F6008F8080 /* Sources */,
				6066912C2B6E27F6008F8080 /* Frameworks */,
				6066912D2B6E27F6008F8080 /* Resources */,
			);
			buildRules = (
			);
			dependencies = (
			);
			name = ExCoordinator;
			productName = ExCoordinator;
			productReference = 6066912F2B6E27F6008F8080 /* ExCoordinator.app */;
			productType = "com.apple.product-type.application";
		};
/* End PBXNativeTarget section */

/* Begin PBXProject section */
		606691272B6E27F6008F8080 /* Project object */ = {
			isa = PBXProject;
			attributes = {
				BuildIndependentTargetsInParallel = 1;
				LastSwiftUpdateCheck = 1520;
				LastUpgradeCheck = 1520;
				TargetAttributes = {
					6066912E2B6E27F6008F8080 = {
						CreatedOnToolsVersion = 15.2;
					};
				};
			};
			buildConfigurationList = 6066912A2B6E27F6008F8080 /* Build configuration list for PBXProject "ExCoordinator" */;
			compatibilityVersion = "Xcode 14.0";
			developmentRegion = en;
			hasScannedForEncodings = 0;
			knownRegions = (
				en,
				Base,
			);
			mainGroup = 606691262B6E27F6008F8080;
			productRefGroup = 606691302B6E27F6008F8080 /* Products */;
			projectDirPath = "";
			projectRoot = "";
			targets = (
				6066912E2B6E27F6008F8080 /* ExCoordinator */,
			);
		};
/* End PBXProject section */

/* Begin PBXResourcesBuildPhase section */
		6066912D2B6E27F6008F8080 /* Resources */ = {
			isa = PBXResourcesBuildPhase;
			buildActionMask = 2147483647;
			files = (
				6066913F2B6E27F7008F8080 /* LaunchScreen.storyboard in Resources */,
				6066913C2B6E27F7008F8080 /* Assets.xcassets in Resources */,
			);
			runOnlyForDeploymentPostprocessing = 0;
		};
/* End PBXResourcesBuildPhase section */

/* Begin PBXSourcesBuildPhase section */
		6066912B2B6E27F6008F8080 /* Sources */ = {
			isa = PBXSourcesBuildPhase;
			buildActionMask = 2147483647;
			files = (
				60A86B1C2B7375DE00D3C58D /* CSInfoVC.swift in Sources */,
				6015A1BA2B7739B700E9D879 /* HistoryVC.swift in Sources */,
				6066914E2B6E3286008F8080 /* HomeVC.swift in Sources */,
				6015A1B42B77234400E9D879 /* UIViewController+Utils.swift in Sources */,
				60A86B242B74907B00D3C58D /* CSMemberVC.swift in Sources */,
				6015A1B82B7739A500E9D879 /* HistoryCoordinator.swift in Sources */,
				606691502B6E3C49008F8080 /* HomeCoordinator.swift in Sources */,
				60A86B282B74955500D3C58D /* ShareVC.swift in Sources */,
				606691472B6E28BC008F8080 /* Coordinator.swift in Sources */,
				606691372B6E27F6008F8080 /* SplitMethodVC.swift in Sources */,
				6066914C2B6E2DAD008F8080 /* CreateCoordinator.swift in Sources */,
				606691492B6E28C2008F8080 /* AppCoordinator.swift in Sources */,
				608C03332B720B13002BE766 /* MyInfoCoordinator.swift in Sources */,
				606691332B6E27F6008F8080 /* AppDelegate.swift in Sources */,
				60A86B222B73767500D3C58D /* SmartCoordinator.swift in Sources */,
				60A86B202B73766700D3C58D /* EqualCoordinator.swift in Sources */,
				608C03302B720A13002BE766 /* MyInfoVC.swift in Sources */,
				606691352B6E27F6008F8080 /* SceneDelegate.swift in Sources */,
				60A561212B74F7CA00E6EFC0 /* ShareCoordinator.swift in Sources */,
				60A86B262B74951700D3C58D /* CSItemVC.swift in Sources */,
			);
			runOnlyForDeploymentPostprocessing = 0;
		};
/* End PBXSourcesBuildPhase section */

/* Begin PBXVariantGroup section */
		6066913D2B6E27F7008F8080 /* LaunchScreen.storyboard */ = {
			isa = PBXVariantGroup;
			children = (
				6066913E2B6E27F7008F8080 /* Base */,
			);
			name = LaunchScreen.storyboard;
			sourceTree = "<group>";
		};
/* End PBXVariantGroup section */

/* Begin XCBuildConfiguration section */
		606691412B6E27F7008F8080 /* Debug */ = {
			isa = XCBuildConfiguration;
			buildSettings = {
				ALWAYS_SEARCH_USER_PATHS = NO;
				ASSETCATALOG_COMPILER_GENERATE_SWIFT_ASSET_SYMBOL_EXTENSIONS = YES;
				CLANG_ANALYZER_NONNULL = YES;
				CLANG_ANALYZER_NUMBER_OBJECT_CONVERSION = YES_AGGRESSIVE;
				CLANG_CXX_LANGUAGE_STANDARD = "gnu++20";
				CLANG_ENABLE_MODULES = YES;
				CLANG_ENABLE_OBJC_ARC = YES;
				CLANG_ENABLE_OBJC_WEAK = YES;
				CLANG_WARN_BLOCK_CAPTURE_AUTORELEASING = YES;
				CLANG_WARN_BOOL_CONVERSION = YES;
				CLANG_WARN_COMMA = YES;
				CLANG_WARN_CONSTANT_CONVERSION = YES;
				CLANG_WARN_DEPRECATED_OBJC_IMPLEMENTATIONS = YES;
				CLANG_WARN_DIRECT_OBJC_ISA_USAGE = YES_ERROR;
				CLANG_WARN_DOCUMENTATION_COMMENTS = YES;
				CLANG_WARN_EMPTY_BODY = YES;
				CLANG_WARN_ENUM_CONVERSION = YES;
				CLANG_WARN_INFINITE_RECURSION = YES;
				CLANG_WARN_INT_CONVERSION = YES;
				CLANG_WARN_NON_LITERAL_NULL_CONVERSION = YES;
				CLANG_WARN_OBJC_IMPLICIT_RETAIN_SELF = YES;
				CLANG_WARN_OBJC_LITERAL_CONVERSION = YES;
				CLANG_WARN_OBJC_ROOT_CLASS = YES_ERROR;
				CLANG_WARN_QUOTED_INCLUDE_IN_FRAMEWORK_HEADER = YES;
				CLANG_WARN_RANGE_LOOP_ANALYSIS = YES;
				CLANG_WARN_STRICT_PROTOTYPES = YES;
				CLANG_WARN_SUSPICIOUS_MOVE = YES;
				CLANG_WARN_UNGUARDED_AVAILABILITY = YES_AGGRESSIVE;
				CLANG_WARN_UNREACHABLE_CODE = YES;
				CLANG_WARN__DUPLICATE_METHOD_MATCH = YES;
				COPY_PHASE_STRIP = NO;
				DEBUG_INFORMATION_FORMAT = dwarf;
				ENABLE_STRICT_OBJC_MSGSEND = YES;
				ENABLE_TESTABILITY = YES;
				ENABLE_USER_SCRIPT_SANDBOXING = YES;
				GCC_C_LANGUAGE_STANDARD = gnu17;
				GCC_DYNAMIC_NO_PIC = NO;
				GCC_NO_COMMON_BLOCKS = YES;
				GCC_OPTIMIZATION_LEVEL = 0;
				GCC_PREPROCESSOR_DEFINITIONS = (
					"DEBUG=1",
					"$(inherited)",
				);
				GCC_WARN_64_TO_32_BIT_CONVERSION = YES;
				GCC_WARN_ABOUT_RETURN_TYPE = YES_ERROR;
				GCC_WARN_UNDECLARED_SELECTOR = YES;
				GCC_WARN_UNINITIALIZED_AUTOS = YES_AGGRESSIVE;
				GCC_WARN_UNUSED_FUNCTION = YES;
				GCC_WARN_UNUSED_VARIABLE = YES;
				IPHONEOS_DEPLOYMENT_TARGET = 17.2;
				LOCALIZATION_PREFERS_STRING_CATALOGS = YES;
				MTL_ENABLE_DEBUG_INFO = INCLUDE_SOURCE;
				MTL_FAST_MATH = YES;
				ONLY_ACTIVE_ARCH = YES;
				SDKROOT = iphoneos;
				SWIFT_ACTIVE_COMPILATION_CONDITIONS = "DEBUG $(inherited)";
				SWIFT_OPTIMIZATION_LEVEL = "-Onone";
			};
			name = Debug;
		};
		606691422B6E27F7008F8080 /* Release */ = {
			isa = XCBuildConfiguration;
			buildSettings = {
				ALWAYS_SEARCH_USER_PATHS = NO;
				ASSETCATALOG_COMPILER_GENERATE_SWIFT_ASSET_SYMBOL_EXTENSIONS = YES;
				CLANG_ANALYZER_NONNULL = YES;
				CLANG_ANALYZER_NUMBER_OBJECT_CONVERSION = YES_AGGRESSIVE;
				CLANG_CXX_LANGUAGE_STANDARD = "gnu++20";
				CLANG_ENABLE_MODULES = YES;
				CLANG_ENABLE_OBJC_ARC = YES;
				CLANG_ENABLE_OBJC_WEAK = YES;
				CLANG_WARN_BLOCK_CAPTURE_AUTORELEASING = YES;
				CLANG_WARN_BOOL_CONVERSION = YES;
				CLANG_WARN_COMMA = YES;
				CLANG_WARN_CONSTANT_CONVERSION = YES;
				CLANG_WARN_DEPRECATED_OBJC_IMPLEMENTATIONS = YES;
				CLANG_WARN_DIRECT_OBJC_ISA_USAGE = YES_ERROR;
				CLANG_WARN_DOCUMENTATION_COMMENTS = YES;
				CLANG_WARN_EMPTY_BODY = YES;
				CLANG_WARN_ENUM_CONVERSION = YES;
				CLANG_WARN_INFINITE_RECURSION = YES;
				CLANG_WARN_INT_CONVERSION = YES;
				CLANG_WARN_NON_LITERAL_NULL_CONVERSION = YES;
				CLANG_WARN_OBJC_IMPLICIT_RETAIN_SELF = YES;
				CLANG_WARN_OBJC_LITERAL_CONVERSION = YES;
				CLANG_WARN_OBJC_ROOT_CLASS = YES_ERROR;
				CLANG_WARN_QUOTED_INCLUDE_IN_FRAMEWORK_HEADER = YES;
				CLANG_WARN_RANGE_LOOP_ANALYSIS = YES;
				CLANG_WARN_STRICT_PROTOTYPES = YES;
				CLANG_WARN_SUSPICIOUS_MOVE = YES;
				CLANG_WARN_UNGUARDED_AVAILABILITY = YES_AGGRESSIVE;
				CLANG_WARN_UNREACHABLE_CODE = YES;
				CLANG_WARN__DUPLICATE_METHOD_MATCH = YES;
				COPY_PHASE_STRIP = NO;
				DEBUG_INFORMATION_FORMAT = "dwarf-with-dsym";
				ENABLE_NS_ASSERTIONS = NO;
				ENABLE_STRICT_OBJC_MSGSEND = YES;
				ENABLE_USER_SCRIPT_SANDBOXING = YES;
				GCC_C_LANGUAGE_STANDARD = gnu17;
				GCC_NO_COMMON_BLOCKS = YES;
				GCC_WARN_64_TO_32_BIT_CONVERSION = YES;
				GCC_WARN_ABOUT_RETURN_TYPE = YES_ERROR;
				GCC_WARN_UNDECLARED_SELECTOR = YES;
				GCC_WARN_UNINITIALIZED_AUTOS = YES_AGGRESSIVE;
				GCC_WARN_UNUSED_FUNCTION = YES;
				GCC_WARN_UNUSED_VARIABLE = YES;
				IPHONEOS_DEPLOYMENT_TARGET = 17.2;
				LOCALIZATION_PREFERS_STRING_CATALOGS = YES;
				MTL_ENABLE_DEBUG_INFO = NO;
				MTL_FAST_MATH = YES;
				SDKROOT = iphoneos;
				SWIFT_COMPILATION_MODE = wholemodule;
				VALIDATE_PRODUCT = YES;
			};
			name = Release;
		};
		606691442B6E27F7008F8080 /* Debug */ = {
			isa = XCBuildConfiguration;
			buildSettings = {
				ASSETCATALOG_COMPILER_APPICON_NAME = AppIcon;
				ASSETCATALOG_COMPILER_GLOBAL_ACCENT_COLOR_NAME = AccentColor;
				CODE_SIGN_STYLE = Automatic;
				CURRENT_PROJECT_VERSION = 1;
				DEVELOPMENT_TEAM = 3NP4Z3WZ94;
				GENERATE_INFOPLIST_FILE = YES;
				INFOPLIST_FILE = ExCoordinator/Info.plist;
				INFOPLIST_KEY_UIApplicationSupportsIndirectInputEvents = YES;
				INFOPLIST_KEY_UILaunchStoryboardName = LaunchScreen;
				INFOPLIST_KEY_UISupportedInterfaceOrientations_iPad = "UIInterfaceOrientationPortrait UIInterfaceOrientationPortraitUpsideDown UIInterfaceOrientationLandscapeLeft UIInterfaceOrientationLandscapeRight";
				INFOPLIST_KEY_UISupportedInterfaceOrientations_iPhone = "UIInterfaceOrientationPortrait UIInterfaceOrientationLandscapeLeft UIInterfaceOrientationLandscapeRight";
				LD_RUNPATH_SEARCH_PATHS = (
					"$(inherited)",
					"@executable_path/Frameworks",
				);
				MARKETING_VERSION = 1.0;
				PRODUCT_BUNDLE_IDENTIFIER = com.seuhong.ExCoordinator;
				PRODUCT_NAME = "$(TARGET_NAME)";
				SUPPORTED_PLATFORMS = "iphoneos iphonesimulator";
				SUPPORTS_MACCATALYST = NO;
				SUPPORTS_MAC_DESIGNED_FOR_IPHONE_IPAD = NO;
				SUPPORTS_XR_DESIGNED_FOR_IPHONE_IPAD = NO;
				SWIFT_EMIT_LOC_STRINGS = YES;
				SWIFT_VERSION = 5.0;
				TARGETED_DEVICE_FAMILY = 1;
			};
			name = Debug;
		};
		606691452B6E27F7008F8080 /* Release */ = {
			isa = XCBuildConfiguration;
			buildSettings = {
				ASSETCATALOG_COMPILER_APPICON_NAME = AppIcon;
				ASSETCATALOG_COMPILER_GLOBAL_ACCENT_COLOR_NAME = AccentColor;
				CODE_SIGN_STYLE = Automatic;
				CURRENT_PROJECT_VERSION = 1;
				DEVELOPMENT_TEAM = 3NP4Z3WZ94;
				GENERATE_INFOPLIST_FILE = YES;
				INFOPLIST_FILE = ExCoordinator/Info.plist;
				INFOPLIST_KEY_UIApplicationSupportsIndirectInputEvents = YES;
				INFOPLIST_KEY_UILaunchStoryboardName = LaunchScreen;
				INFOPLIST_KEY_UISupportedInterfaceOrientations_iPad = "UIInterfaceOrientationPortrait UIInterfaceOrientationPortraitUpsideDown UIInterfaceOrientationLandscapeLeft UIInterfaceOrientationLandscapeRight";
				INFOPLIST_KEY_UISupportedInterfaceOrientations_iPhone = "UIInterfaceOrientationPortrait UIInterfaceOrientationLandscapeLeft UIInterfaceOrientationLandscapeRight";
				LD_RUNPATH_SEARCH_PATHS = (
					"$(inherited)",
					"@executable_path/Frameworks",
				);
				MARKETING_VERSION = 1.0;
				PRODUCT_BUNDLE_IDENTIFIER = com.seuhong.ExCoordinator;
				PRODUCT_NAME = "$(TARGET_NAME)";
				SUPPORTED_PLATFORMS = "iphoneos iphonesimulator";
				SUPPORTS_MACCATALYST = NO;
				SUPPORTS_MAC_DESIGNED_FOR_IPHONE_IPAD = NO;
				SUPPORTS_XR_DESIGNED_FOR_IPHONE_IPAD = NO;
				SWIFT_EMIT_LOC_STRINGS = YES;
				SWIFT_VERSION = 5.0;
				TARGETED_DEVICE_FAMILY = 1;
			};
			name = Release;
		};
/* End XCBuildConfiguration section */

/* Begin XCConfigurationList section */
		6066912A2B6E27F6008F8080 /* Build configuration list for PBXProject "ExCoordinator" */ = {
			isa = XCConfigurationList;
			buildConfigurations = (
				606691412B6E27F7008F8080 /* Debug */,
				606691422B6E27F7008F8080 /* Release */,
			);
			defaultConfigurationIsVisible = 0;
			defaultConfigurationName = Release;
		};
		606691432B6E27F7008F8080 /* Build configuration list for PBXNativeTarget "ExCoordinator" */ = {
			isa = XCConfigurationList;
			buildConfigurations = (
				606691442B6E27F7008F8080 /* Debug */,
				606691452B6E27F7008F8080 /* Release */,
			);
			defaultConfigurationIsVisible = 0;
			defaultConfigurationName = Release;
		};
/* End XCConfigurationList section */
	};
	rootObject = 606691272B6E27F6008F8080 /* Project object */;
}
